github.com/google/uuid v1.1.2 h1:EVhdT+1Kseyi1/pUmXKaFxYsDNy9RQYkMWRH68J/W7Y=
github.com/google/uuid v1.1.2/go.mod h1:TIyPZe4MgqvfeYDBFedMoGGpEw/LqOeaOT+nhxU+yHo=
github.com/gorilla/mux v1.7.4 h1:VuZ8uybHlWmqV03+zRzdwKL4tUnIp1MAQtp1mIFE1bc=
github.com/gorilla/mux v1.7.4/go.mod h1:DVbg23sWSpFRCP0SfiEN6jmj59UnW/n46BH5rLB71So=
github.com/jakoubek/onetimecode v0.0.0-20200307183434-ca664641fb82 h1:VYv35Yc6Wa/E6ineOj3CuWX+p3in/4HRBMfiIsa+TSQ=
github.com/jakoubek/onetimecode v0.0.0-20200307183434-ca664641fb82/go.mod h1:D6ChWZMcNCQ3GXyweR3bRESx3N+wn5G9huXI7gxoyO8=
github.com/jakoubek/onetimecode v0.1.0 h1:FLBL3gQcQmXN03EZLenBXadeyQh/wFATcWkrMADc1Mw=
github.com/jakoubek/onetimecode v0.1.0/go.mod h1:pkIOnxtaVVapRzPsWkH7sJWs34AqDUoFrNxIS47driQ=
github.com/jakoubek/onetimecode v0.2.0 h1:UknS1j8hy1C4FNVGn0ytA0GlTxXRgiYLzMsqrnN8Bt4=
github.com/jakoubek/onetimecode v0.2.0/go.mod h1:pkIOnxtaVVapRzPsWkH7sJWs34AqDUoFrNxIS47driQ=
github.com/jakoubek/onetimecode v0.2.1 h1:nvX6Ql1GhHdud8GVdHS5h2X7RXVfPEt9V2LvigcBmno=
github.com/jakoubek/onetimecode v0.2.1/go.mod h1:pkIOnxtaVVapRzPsWkH7sJWs34AqDUoFrNxIS47driQ=
github.com/jakoubek/onetimecode v0.2.2 h1:bX+Lzavu4V10Yi+M5BoItbj+rKkJcjK1pA3/dhTPM+8=
github.com/jakoubek/onetimecode v0.2.2/go.mod h1:pkIOnxtaVVapRzPsWkH7sJWs34AqDUoFrNxIS47driQ=
github.com/jakoubek/onetimecode v0.2.3 h1:6lrEdN3Eok7TYoHHsUJZfS2mCvA+THAIJaIucNWsJDA=
github.com/jakoubek/onetimecode v0.2.3/go.mod h1:pkIOnxtaVVapRzPsWkH7sJWs34AqDUoFrNxIS47driQ=
github.com/magefile/mage v1.11.0 h1:C/55Ywp9BpgVVclD3lRnSYCwXTYxmSppIgLeDYlNuls=
github.com/magefile/mage v1.11.0/go.mod h1:z5UZb/iS3GoOSn0JgWuiw7dxlurVYTu+/jHXqQg881A=
github.com/segmentio/ksuid v1.0.2 h1:9yBfKyw4ECGTdALaF09Snw3sLJmYIX6AbPJrAy6MrDc=
github.com/segmentio/ksuid v1.0.2/go.mod h1:BXuJDr2byAiHuQaQtSKoXh1J0YmUDurywOXgB2w+OSU=
github.com/segmentio/ksuid v1.0.3 h1:FoResxvleQwYiPAVKe1tMUlEirodZqlqglIuFsdDntY=
github.com/segmentio/ksuid v1.0.3/go.mod h1:/XUiZBD3kVx5SmUOl55voK5yeAbBNNIed+2O73XgrPE=
